
Microsoft Visual Studio Solution File, Format Version 12.00
# Visual Studio Version 17
VisualStudioVersion = 17.14.36616.10 d17.14
MinimumVisualStudioVersion = 10.0.40219.1
Project("{FAE04EC0-301F-11D3-BF4B-00C04F79EFBC}") = "TetrisGame", "TetrisGame\TetrisGame.csproj", "{7555D435-9080-429D-B49B-20A8B284B96E}"
EndProject
Global
	GlobalSection(SolutionConfigurationPlatforms) = preSolution
		Debug|Any CPU = Debug|Any CPU
		Release|Any CPU = Release|Any CPU
	EndGlobalSection
	GlobalSection(ProjectConfigurationPlatforms) = postSolution
		{7555D435-9080-429D-B49B-20A8B284B96E}.Debug|Any CPU.ActiveCfg = Debug|Any CPU
		{7555D435-9080-429D-B49B-20A8B284B96E}.Debug|Any CPU.Build.0 = Debug|Any CPU
		{7555D435-9080-429D-B49B-20A8B284B96E}.Release|Any CPU.ActiveCfg = Release|Any CPU
		{7555D435-9080-429D-B49B-20A8B284B96E}.Release|Any CPU.Build.0 = Release|Any CPU
	EndGlobalSection
	GlobalSection(SolutionProperties) = preSolution
		HideSolutionNode = FALSE
	EndGlobalSection
	GlobalSection(ExtensibilityGlobals) = postSolution
		SolutionGuid = {429BE665-B7FD-465F-82E9-4A200BB50A64}
	EndGlobalSection
EndGlobal
